// !$*UTF8*$!
{
	archiveVersion = 1;
	classes = {
	};
	objectVersion = 56;
	objects = {

/* Begin PBXBuildFile section */
		31D09FDBC96C0FBFC7F39B16 /* Pods_Tracker_for_tracking_habits.framework in Frameworks */ = {isa = PBXBuildFile; fileRef = 4E74B6156F2C892033A966E3 /* Pods_Tracker_for_tracking_habits.framework */; };
		A00E98152A5D1E7800883A0F /* Observable.swift in Sources */ = {isa = PBXBuildFile; fileRef = A00E98142A5D1E7800883A0F /* Observable.swift */; };
		A00E98172A5D1E7C00883A0F /* OnboardingPageStorage.swift in Sources */ = {isa = PBXBuildFile; fileRef = A00E98162A5D1E7C00883A0F /* OnboardingPageStorage.swift */; };
		A00E98192A5D1F3D00883A0F /* CreateCategoryViewController.swift in Sources */ = {isa = PBXBuildFile; fileRef = A00E98182A5D1F3D00883A0F /* CreateCategoryViewController.swift */; };
		A00E981B2A5D1F4700883A0F /* OnboardingPageViewController.swift in Sources */ = {isa = PBXBuildFile; fileRef = A00E981A2A5D1F4700883A0F /* OnboardingPageViewController.swift */; };
		A00E981D2A5D1F4D00883A0F /* SelectCategoryViewController.swift in Sources */ = {isa = PBXBuildFile; fileRef = A00E981C2A5D1F4D00883A0F /* SelectCategoryViewController.swift */; };
		A00E981F2A5D201E00883A0F /* CheckTableViewCell.swift in Sources */ = {isa = PBXBuildFile; fileRef = A00E981E2A5D201E00883A0F /* CheckTableViewCell.swift */; };
		A00E98212A5D203300883A0F /* OnboardingPageView.swift in Sources */ = {isa = PBXBuildFile; fileRef = A00E98202A5D203300883A0F /* OnboardingPageView.swift */; };
		A00E98252A5D209700883A0F /* CategoryListViewModel.swift in Sources */ = {isa = PBXBuildFile; fileRef = A00E98232A5D209700883A0F /* CategoryListViewModel.swift */; };
		A01443D42A61AB5400EA1190 /* CategoryListModel.swift in Sources */ = {isa = PBXBuildFile; fileRef = A01443D32A61AB5400EA1190 /* CategoryListModel.swift */; };
		A02FA52F2A50929B002398BE /* AppDelegate.swift in Sources */ = {isa = PBXBuildFile; fileRef = A02FA52E2A50929B002398BE /* AppDelegate.swift */; };
		A02FA5382A50929C002398BE /* Assets.xcassets in Resources */ = {isa = PBXBuildFile; fileRef = A02FA5372A50929C002398BE /* Assets.xcassets */; };
		A02FA53B2A50929C002398BE /* LaunchScreen.storyboard in Resources */ = {isa = PBXBuildFile; fileRef = A02FA5392A50929C002398BE /* LaunchScreen.storyboard */; };
		A0557C822A87E2B200FAF1A8 /* Localizable.strings in Resources */ = {isa = PBXBuildFile; fileRef = A0557C7C2A87E2B200FAF1A8 /* Localizable.strings */; };
		A0557C832A87E2B200FAF1A8 /* Localizable.stringsdict in Resources */ = {isa = PBXBuildFile; fileRef = A0557C7E2A87E2B200FAF1A8 /* Localizable.stringsdict */; };
		A0557C852A87E3D100FAF1A8 /* StatisticView.swift in Sources */ = {isa = PBXBuildFile; fileRef = A0557C842A87E3D100FAF1A8 /* StatisticView.swift */; };
		A0557C882A87E7CE00FAF1A8 /* AnalyticService.swift in Sources */ = {isa = PBXBuildFile; fileRef = A0557C872A87E7CE00FAF1A8 /* AnalyticService.swift */; };
		A0557C8A2A87EBA800FAF1A8 /* Podfile in Resources */ = {isa = PBXBuildFile; fileRef = A0557C892A87EBA800FAF1A8 /* Podfile */; };
		A0557D072A87F17800FAF1A8 /* Podfile.lock in Resources */ = {isa = PBXBuildFile; fileRef = A0557D062A87F17700FAF1A8 /* Podfile.lock */; };
		A0557D092A87F17E00FAF1A8 /* Tracker_for_tracking_habits.xcworkspace in Resources */ = {isa = PBXBuildFile; fileRef = A0557D082A87F17E00FAF1A8 /* Tracker_for_tracking_habits.xcworkspace */; };
		A097021E2A610241002789C3 /* DataModel.xcdatamodeld in Sources */ = {isa = PBXBuildFile; fileRef = A097021C2A610241002789C3 /* DataModel.xcdatamodeld */; };
		A0A9E8392A5B014400E54622 /* ScheduleSerializer.swift in Sources */ = {isa = PBXBuildFile; fileRef = A0A9E8382A5B014400E54622 /* ScheduleSerializer.swift */; };
		A0A9E83B2A5B014900E54622 /* TestDataLoader.swift in Sources */ = {isa = PBXBuildFile; fileRef = A0A9E83A2A5B014900E54622 /* TestDataLoader.swift */; };
		A0A9E83D2A5B015200E54622 /* UIColorSerializer.swift in Sources */ = {isa = PBXBuildFile; fileRef = A0A9E83C2A5B015200E54622 /* UIColorSerializer.swift */; };
		A0A9E83F2A5B02D200E54622 /* AddTrackerViewController.swift in Sources */ = {isa = PBXBuildFile; fileRef = A0A9E83E2A5B02D200E54622 /* AddTrackerViewController.swift */; };
		A0A9E8412A5B033D00E54622 /* PlaceholderView.swift in Sources */ = {isa = PBXBuildFile; fileRef = A0A9E8402A5B033D00E54622 /* PlaceholderView.swift */; };
		A0A9E8432A5B034100E54622 /* EmojiCollectionViewCell.swift in Sources */ = {isa = PBXBuildFile; fileRef = A0A9E8422A5B034100E54622 /* EmojiCollectionViewCell.swift */; };
		A0A9E8452A5B034800E54622 /* ColorCollectionViewCell.swift in Sources */ = {isa = PBXBuildFile; fileRef = A0A9E8442A5B034800E54622 /* ColorCollectionViewCell.swift */; };
		A0A9E8472A5B034C00E54622 /* CollectionViewHeader.swift in Sources */ = {isa = PBXBuildFile; fileRef = A0A9E8462A5B034C00E54622 /* CollectionViewHeader.swift */; };
		A0A9E84C2A5B036100E54622 /* RecordStore.swift in Sources */ = {isa = PBXBuildFile; fileRef = A0A9E8492A5B036100E54622 /* RecordStore.swift */; };
		A0A9E84D2A5B036100E54622 /* CategoryStore.swift in Sources */ = {isa = PBXBuildFile; fileRef = A0A9E84A2A5B036100E54622 /* CategoryStore.swift */; };
		A0A9E84E2A5B036100E54622 /* TrackerStore.swift in Sources */ = {isa = PBXBuildFile; fileRef = A0A9E84B2A5B036100E54622 /* TrackerStore.swift */; };
		A0A9E8542A5B065700E54622 /* Main.storyboard in Resources */ = {isa = PBXBuildFile; fileRef = A0A9E8522A5B065700E54622 /* Main.storyboard */; };
		A0E181982A527D4C0012330B /* UIColorExtension.swift in Sources */ = {isa = PBXBuildFile; fileRef = A0E181962A527D4C0012330B /* UIColorExtension.swift */; };
		A0E181992A527D4C0012330B /* UIViewControllerExtension.swift in Sources */ = {isa = PBXBuildFile; fileRef = A0E181972A527D4C0012330B /* UIViewControllerExtension.swift */; };
		A0E1819E2A527D5F0012330B /* CategoryModel.swift in Sources */ = {isa = PBXBuildFile; fileRef = A0E1819B2A527D5F0012330B /* CategoryModel.swift */; };
		A0E1819F2A527D5F0012330B /* TrackerModel.swift in Sources */ = {isa = PBXBuildFile; fileRef = A0E1819C2A527D5F0012330B /* TrackerModel.swift */; };
		A0E181A02A527D5F0012330B /* RecordModel.swift in Sources */ = {isa = PBXBuildFile; fileRef = A0E1819D2A527D5F0012330B /* RecordModel.swift */; };
		A0E181A62A527D7C0012330B /* CollectionWidthParameters.swift in Sources */ = {isa = PBXBuildFile; fileRef = A0E181A22A527D7C0012330B /* CollectionWidthParameters.swift */; };
		A0E181A72A527D7C0012330B /* WeekDay.swift in Sources */ = {isa = PBXBuildFile; fileRef = A0E181A32A527D7C0012330B /* WeekDay.swift */; };
		A0E181A82A527D7C0012330B /* SwitchOptions.swift in Sources */ = {isa = PBXBuildFile; fileRef = A0E181A42A527D7C0012330B /* SwitchOptions.swift */; };
		A0E181A92A527D7C0012330B /* SettingOptions.swift in Sources */ = {isa = PBXBuildFile; fileRef = A0E181A52A527D7C0012330B /* SettingOptions.swift */; };
		A0E181B12A527D840012330B /* TrackerCollectionViewCell.swift in Sources */ = {isa = PBXBuildFile; fileRef = A0E181AC2A527D840012330B /* TrackerCollectionViewCell.swift */; };
		A0E181B22A527D840012330B /* CustomTextField.swift in Sources */ = {isa = PBXBuildFile; fileRef = A0E181AD2A527D840012330B /* CustomTextField.swift */; };
		A0E181B32A527D840012330B /* SettingTableViewCell.swift in Sources */ = {isa = PBXBuildFile; fileRef = A0E181AE2A527D840012330B /* SettingTableViewCell.swift */; };
		A0E181B42A527D840012330B /* SwitchTableViewCell.swift in Sources */ = {isa = PBXBuildFile; fileRef = A0E181AF2A527D840012330B /* SwitchTableViewCell.swift */; };
		A0E181BD2A527D960012330B /* StatisticsViewController.swift in Sources */ = {isa = PBXBuildFile; fileRef = A0E181B62A527D960012330B /* StatisticsViewController.swift */; };
		A0E181BE2A527D960012330B /* CreateTrackerViewController.swift in Sources */ = {isa = PBXBuildFile; fileRef = A0E181B72A527D960012330B /* CreateTrackerViewController.swift */; };
		A0E181C12A527D960012330B /* TrackersViewController.swift in Sources */ = {isa = PBXBuildFile; fileRef = A0E181BA2A527D960012330B /* TrackersViewController.swift */; };
		A0E181C22A527D960012330B /* MainTabBarController.swift in Sources */ = {isa = PBXBuildFile; fileRef = A0E181BB2A527D960012330B /* MainTabBarController.swift */; };
		A0E181C32A527D960012330B /* ConfigureScheduleViewController.swift in Sources */ = {isa = PBXBuildFile; fileRef = A0E181BC2A527D960012330B /* ConfigureScheduleViewController.swift */; };
/* End PBXBuildFile section */

/* Begin PBXFileReference section */
		4E74B6156F2C892033A966E3 /* Pods_Tracker_for_tracking_habits.framework */ = {isa = PBXFileReference; explicitFileType = wrapper.framework; includeInIndex = 0; path = Pods_Tracker_for_tracking_habits.framework; sourceTree = BUILT_PRODUCTS_DIR; };
		A00E98142A5D1E7800883A0F /* Observable.swift */ = {isa = PBXFileReference; fileEncoding = 4; lastKnownFileType = sourcecode.swift; path = Observable.swift; sourceTree = "<group>"; };
		A00E98162A5D1E7C00883A0F /* OnboardingPageStorage.swift */ = {isa = PBXFileReference; fileEncoding = 4; lastKnownFileType = sourcecode.swift; path = OnboardingPageStorage.swift; sourceTree = "<group>"; };
		A00E98182A5D1F3D00883A0F /* CreateCategoryViewController.swift */ = {isa = PBXFileReference; fileEncoding = 4; lastKnownFileType = sourcecode.swift; path = CreateCategoryViewController.swift; sourceTree = "<group>"; };
		A00E981A2A5D1F4700883A0F /* OnboardingPageViewController.swift */ = {isa = PBXFileReference; fileEncoding = 4; lastKnownFileType = sourcecode.swift; path = OnboardingPageViewController.swift; sourceTree = "<group>"; };
		A00E981C2A5D1F4D00883A0F /* SelectCategoryViewController.swift */ = {isa = PBXFileReference; fileEncoding = 4; lastKnownFileType = sourcecode.swift; path = SelectCategoryViewController.swift; sourceTree = "<group>"; };
		A00E981E2A5D201E00883A0F /* CheckTableViewCell.swift */ = {isa = PBXFileReference; fileEncoding = 4; lastKnownFileType = sourcecode.swift; path = CheckTableViewCell.swift; sourceTree = "<group>"; };
		A00E98202A5D203300883A0F /* OnboardingPageView.swift */ = {isa = PBXFileReference; fileEncoding = 4; lastKnownFileType = sourcecode.swift; path = OnboardingPageView.swift; sourceTree = "<group>"; };
		A00E98232A5D209700883A0F /* CategoryListViewModel.swift */ = {isa = PBXFileReference; fileEncoding = 4; lastKnownFileType = sourcecode.swift; path = CategoryListViewModel.swift; sourceTree = "<group>"; };
		A01443D32A61AB5400EA1190 /* CategoryListModel.swift */ = {isa = PBXFileReference; fileEncoding = 4; lastKnownFileType = sourcecode.swift; path = CategoryListModel.swift; sourceTree = "<group>"; };
		A02FA52B2A50929B002398BE /* Tracker_for_tracking_habits.app */ = {isa = PBXFileReference; explicitFileType = wrapper.application; includeInIndex = 0; path = Tracker_for_tracking_habits.app; sourceTree = BUILT_PRODUCTS_DIR; };
		A02FA52E2A50929B002398BE /* AppDelegate.swift */ = {isa = PBXFileReference; lastKnownFileType = sourcecode.swift; path = AppDelegate.swift; sourceTree = "<group>"; };
		A02FA5372A50929C002398BE /* Assets.xcassets */ = {isa = PBXFileReference; lastKnownFileType = folder.assetcatalog; path = Assets.xcassets; sourceTree = "<group>"; };
		A02FA53A2A50929C002398BE /* Base */ = {isa = PBXFileReference; lastKnownFileType = file.storyboard; name = Base; path = Base.lproj/LaunchScreen.storyboard; sourceTree = "<group>"; };
		A02FA53C2A50929C002398BE /* Info.plist */ = {isa = PBXFileReference; lastKnownFileType = text.plist.xml; path = Info.plist; sourceTree = "<group>"; };
		A0557C7D2A87E2B200FAF1A8 /* en */ = {isa = PBXFileReference; lastKnownFileType = text.plist.strings; name = en; path = en.lproj/Localizable.strings; sourceTree = "<group>"; };
		A0557C7F2A87E2B200FAF1A8 /* en */ = {isa = PBXFileReference; lastKnownFileType = text.plist.stringsdict; name = en; path = en.lproj/Localizable.stringsdict; sourceTree = "<group>"; };
		A0557C802A87E2B200FAF1A8 /* ru */ = {isa = PBXFileReference; lastKnownFileType = text.plist.strings; name = ru; path = ru.lproj/Localizable.strings; sourceTree = "<group>"; };
		A0557C812A87E2B200FAF1A8 /* ru */ = {isa = PBXFileReference; lastKnownFileType = text.plist.stringsdict; name = ru; path = ru.lproj/Localizable.stringsdict; sourceTree = "<group>"; };
		A0557C842A87E3D100FAF1A8 /* StatisticView.swift */ = {isa = PBXFileReference; fileEncoding = 4; lastKnownFileType = sourcecode.swift; path = StatisticView.swift; sourceTree = "<group>"; };
		A0557C872A87E7CE00FAF1A8 /* AnalyticService.swift */ = {isa = PBXFileReference; fileEncoding = 4; lastKnownFileType = sourcecode.swift; path = AnalyticService.swift; sourceTree = "<group>"; };
		A0557C892A87EBA800FAF1A8 /* Podfile */ = {isa = PBXFileReference; fileEncoding = 4; lastKnownFileType = text; path = Podfile; sourceTree = "<group>"; };
		A0557D062A87F17700FAF1A8 /* Podfile.lock */ = {isa = PBXFileReference; fileEncoding = 4; lastKnownFileType = text; path = Podfile.lock; sourceTree = "<group>"; };
		A0557D082A87F17E00FAF1A8 /* Tracker_for_tracking_habits.xcworkspace */ = {isa = PBXFileReference; lastKnownFileType = wrapper.workspace; path = Tracker_for_tracking_habits.xcworkspace; sourceTree = "<group>"; };
		A097021D2A610241002789C3 /* DataModel.xcdatamodel */ = {isa = PBXFileReference; lastKnownFileType = wrapper.xcdatamodel; path = DataModel.xcdatamodel; sourceTree = "<group>"; };
		A0A9E8382A5B014400E54622 /* ScheduleSerializer.swift */ = {isa = PBXFileReference; fileEncoding = 4; lastKnownFileType = sourcecode.swift; path = ScheduleSerializer.swift; sourceTree = "<group>"; };
		A0A9E83A2A5B014900E54622 /* TestDataLoader.swift */ = {isa = PBXFileReference; fileEncoding = 4; lastKnownFileType = sourcecode.swift; path = TestDataLoader.swift; sourceTree = "<group>"; };
		A0A9E83C2A5B015200E54622 /* UIColorSerializer.swift */ = {isa = PBXFileReference; fileEncoding = 4; lastKnownFileType = sourcecode.swift; path = UIColorSerializer.swift; sourceTree = "<group>"; };
		A0A9E83E2A5B02D200E54622 /* AddTrackerViewController.swift */ = {isa = PBXFileReference; fileEncoding = 4; lastKnownFileType = sourcecode.swift; path = AddTrackerViewController.swift; sourceTree = "<group>"; };
		A0A9E8402A5B033D00E54622 /* PlaceholderView.swift */ = {isa = PBXFileReference; fileEncoding = 4; lastKnownFileType = sourcecode.swift; path = PlaceholderView.swift; sourceTree = "<group>"; };
		A0A9E8422A5B034100E54622 /* EmojiCollectionViewCell.swift */ = {isa = PBXFileReference; fileEncoding = 4; lastKnownFileType = sourcecode.swift; path = EmojiCollectionViewCell.swift; sourceTree = "<group>"; };
		A0A9E8442A5B034800E54622 /* ColorCollectionViewCell.swift */ = {isa = PBXFileReference; fileEncoding = 4; lastKnownFileType = sourcecode.swift; path = ColorCollectionViewCell.swift; sourceTree = "<group>"; };
		A0A9E8462A5B034C00E54622 /* CollectionViewHeader.swift */ = {isa = PBXFileReference; fileEncoding = 4; lastKnownFileType = sourcecode.swift; path = CollectionViewHeader.swift; sourceTree = "<group>"; };
		A0A9E8492A5B036100E54622 /* RecordStore.swift */ = {isa = PBXFileReference; fileEncoding = 4; lastKnownFileType = sourcecode.swift; path = RecordStore.swift; sourceTree = "<group>"; };
		A0A9E84A2A5B036100E54622 /* CategoryStore.swift */ = {isa = PBXFileReference; fileEncoding = 4; lastKnownFileType = sourcecode.swift; path = CategoryStore.swift; sourceTree = "<group>"; };
		A0A9E84B2A5B036100E54622 /* TrackerStore.swift */ = {isa = PBXFileReference; fileEncoding = 4; lastKnownFileType = sourcecode.swift; path = TrackerStore.swift; sourceTree = "<group>"; };
		A0A9E8532A5B065700E54622 /* Base */ = {isa = PBXFileReference; lastKnownFileType = file.storyboard; name = Base; path = Base.lproj/Main.storyboard; sourceTree = "<group>"; };
		A0E181962A527D4C0012330B /* UIColorExtension.swift */ = {isa = PBXFileReference; fileEncoding = 4; lastKnownFileType = sourcecode.swift; path = UIColorExtension.swift; sourceTree = "<group>"; };
		A0E181972A527D4C0012330B /* UIViewControllerExtension.swift */ = {isa = PBXFileReference; fileEncoding = 4; lastKnownFileType = sourcecode.swift; path = UIViewControllerExtension.swift; sourceTree = "<group>"; };
		A0E1819B2A527D5F0012330B /* CategoryModel.swift */ = {isa = PBXFileReference; fileEncoding = 4; lastKnownFileType = sourcecode.swift; path = CategoryModel.swift; sourceTree = "<group>"; };
		A0E1819C2A527D5F0012330B /* TrackerModel.swift */ = {isa = PBXFileReference; fileEncoding = 4; lastKnownFileType = sourcecode.swift; path = TrackerModel.swift; sourceTree = "<group>"; };
		A0E1819D2A527D5F0012330B /* RecordModel.swift */ = {isa = PBXFileReference; fileEncoding = 4; lastKnownFileType = sourcecode.swift; path = RecordModel.swift; sourceTree = "<group>"; };
		A0E181A22A527D7C0012330B /* CollectionWidthParameters.swift */ = {isa = PBXFileReference; fileEncoding = 4; lastKnownFileType = sourcecode.swift; path = CollectionWidthParameters.swift; sourceTree = "<group>"; };
		A0E181A32A527D7C0012330B /* WeekDay.swift */ = {isa = PBXFileReference; fileEncoding = 4; lastKnownFileType = sourcecode.swift; path = WeekDay.swift; sourceTree = "<group>"; };
		A0E181A42A527D7C0012330B /* SwitchOptions.swift */ = {isa = PBXFileReference; fileEncoding = 4; lastKnownFileType = sourcecode.swift; path = SwitchOptions.swift; sourceTree = "<group>"; };
		A0E181A52A527D7C0012330B /* SettingOptions.swift */ = {isa = PBXFileReference; fileEncoding = 4; lastKnownFileType = sourcecode.swift; path = SettingOptions.swift; sourceTree = "<group>"; };
		A0E181AC2A527D840012330B /* TrackerCollectionViewCell.swift */ = {isa = PBXFileReference; fileEncoding = 4; lastKnownFileType = sourcecode.swift; path = TrackerCollectionViewCell.swift; sourceTree = "<group>"; };
		A0E181AD2A527D840012330B /* CustomTextField.swift */ = {isa = PBXFileReference; fileEncoding = 4; lastKnownFileType = sourcecode.swift; path = CustomTextField.swift; sourceTree = "<group>"; };
		A0E181AE2A527D840012330B /* SettingTableViewCell.swift */ = {isa = PBXFileReference; fileEncoding = 4; lastKnownFileType = sourcecode.swift; path = SettingTableViewCell.swift; sourceTree = "<group>"; };
		A0E181AF2A527D840012330B /* SwitchTableViewCell.swift */ = {isa = PBXFileReference; fileEncoding = 4; lastKnownFileType = sourcecode.swift; path = SwitchTableViewCell.swift; sourceTree = "<group>"; };
		A0E181B62A527D960012330B /* StatisticsViewController.swift */ = {isa = PBXFileReference; fileEncoding = 4; lastKnownFileType = sourcecode.swift; path = StatisticsViewController.swift; sourceTree = "<group>"; };
		A0E181B72A527D960012330B /* CreateTrackerViewController.swift */ = {isa = PBXFileReference; fileEncoding = 4; lastKnownFileType = sourcecode.swift; path = CreateTrackerViewController.swift; sourceTree = "<group>"; };
		A0E181BA2A527D960012330B /* TrackersViewController.swift */ = {isa = PBXFileReference; fileEncoding = 4; lastKnownFileType = sourcecode.swift; path = TrackersViewController.swift; sourceTree = "<group>"; };
		A0E181BB2A527D960012330B /* MainTabBarController.swift */ = {isa = PBXFileReference; fileEncoding = 4; lastKnownFileType = sourcecode.swift; path = MainTabBarController.swift; sourceTree = "<group>"; };
		A0E181BC2A527D960012330B /* ConfigureScheduleViewController.swift */ = {isa = PBXFileReference; fileEncoding = 4; lastKnownFileType = sourcecode.swift; path = ConfigureScheduleViewController.swift; sourceTree = "<group>"; };
		D69E469542AC974F9E18B167 /* Pods-Tracker_for_tracking_habits.release.xcconfig */ = {isa = PBXFileReference; includeInIndex = 1; lastKnownFileType = text.xcconfig; name = "Pods-Tracker_for_tracking_habits.release.xcconfig"; path = "Target Support Files/Pods-Tracker_for_tracking_habits/Pods-Tracker_for_tracking_habits.release.xcconfig"; sourceTree = "<group>"; };
		EDEDB1FECC1DBC4C19B8CF98 /* Pods-Tracker_for_tracking_habits.debug.xcconfig */ = {isa = PBXFileReference; includeInIndex = 1; lastKnownFileType = text.xcconfig; name = "Pods-Tracker_for_tracking_habits.debug.xcconfig"; path = "Target Support Files/Pods-Tracker_for_tracking_habits/Pods-Tracker_for_tracking_habits.debug.xcconfig"; sourceTree = "<group>"; };
/* End PBXFileReference section */

/* Begin PBXFrameworksBuildPhase section */
		A02FA5282A50929B002398BE /* Frameworks */ = {
			isa = PBXFrameworksBuildPhase;
			buildActionMask = 2147483647;
			files = (
				31D09FDBC96C0FBFC7F39B16 /* Pods_Tracker_for_tracking_habits.framework in Frameworks */,
			);
			runOnlyForDeploymentPostprocessing = 0;
		};
/* End PBXFrameworksBuildPhase section */

/* Begin PBXGroup section */
		1F137C05571E37F8EA6B7749 /* Pods */ = {
			isa = PBXGroup;
			children = (
				EDEDB1FECC1DBC4C19B8CF98 /* Pods-Tracker_for_tracking_habits.debug.xcconfig */,
				D69E469542AC974F9E18B167 /* Pods-Tracker_for_tracking_habits.release.xcconfig */,
			);
			path = Pods;
			sourceTree = "<group>";
		};
		A00E98222A5D209700883A0F /* ViewModels */ = {
			isa = PBXGroup;
			children = (
				A00E98232A5D209700883A0F /* CategoryListViewModel.swift */,
				A01443D32A61AB5400EA1190 /* CategoryListModel.swift */,
			);
			path = ViewModels;
			sourceTree = "<group>";
		};
		A02FA5222A50929B002398BE = {
			isa = PBXGroup;
			children = (
				A0557D082A87F17E00FAF1A8 /* Tracker_for_tracking_habits.xcworkspace */,
				A0557D062A87F17700FAF1A8 /* Podfile.lock */,
				A0557C892A87EBA800FAF1A8 /* Podfile */,
				A02FA52D2A50929B002398BE /* Tracker_for_tracking_habits */,
				A02FA52C2A50929B002398BE /* Products */,
				1F137C05571E37F8EA6B7749 /* Pods */,
				BFC13E2F7BF79BD931DC4C6B /* Frameworks */,
			);
			sourceTree = "<group>";
		};
		A02FA52C2A50929B002398BE /* Products */ = {
			isa = PBXGroup;
			children = (
				A02FA52B2A50929B002398BE /* Tracker_for_tracking_habits.app */,
			);
			name = Products;
			sourceTree = "<group>";
		};
		A02FA52D2A50929B002398BE /* Tracker_for_tracking_habits */ = {
			isa = PBXGroup;
			children = (
				A0557C862A87E7CE00FAF1A8 /* Services */,
				A0557C7B2A87E2B200FAF1A8 /* Localization */,
				A02FA52E2A50929B002398BE /* AppDelegate.swift */,
				A00E98222A5D209700883A0F /* ViewModels */,
				A0A9E8482A5B036100E54622 /* Stores */,
				A0E181B52A527D960012330B /* ViewControllers */,
				A0E181AA2A527D840012330B /* Views */,
				A0E1819A2A527D5F0012330B /* Models */,
				A0E181952A527D4C0012330B /* Extensions */,
				A0E181A12A527D7C0012330B /* Utilities */,
				A02FA5372A50929C002398BE /* Assets.xcassets */,
				A02FA5392A50929C002398BE /* LaunchScreen.storyboard */,
				A0A9E8522A5B065700E54622 /* Main.storyboard */,
				A02FA53C2A50929C002398BE /* Info.plist */,
				A097021C2A610241002789C3 /* DataModel.xcdatamodeld */,
			);
			path = Tracker_for_tracking_habits;
			sourceTree = "<group>";
		};
		A0557C7B2A87E2B200FAF1A8 /* Localization */ = {
			isa = PBXGroup;
			children = (
				A0557C7C2A87E2B200FAF1A8 /* Localizable.strings */,
				A0557C7E2A87E2B200FAF1A8 /* Localizable.stringsdict */,
			);
			path = Localization;
			sourceTree = "<group>";
		};
		A0557C862A87E7CE00FAF1A8 /* Services */ = {
			isa = PBXGroup;
			children = (
				A0557C872A87E7CE00FAF1A8 /* AnalyticService.swift */,
			);
			path = Services;
			sourceTree = "<group>";
		};
		A0A9E8482A5B036100E54622 /* Stores */ = {
			isa = PBXGroup;
			children = (
				A0A9E8492A5B036100E54622 /* RecordStore.swift */,
				A0A9E84A2A5B036100E54622 /* CategoryStore.swift */,
				A0A9E84B2A5B036100E54622 /* TrackerStore.swift */,
			);
			path = Stores;
			sourceTree = "<group>";
		};
		A0E181952A527D4C0012330B /* Extensions */ = {
			isa = PBXGroup;
			children = (
				A0E181962A527D4C0012330B /* UIColorExtension.swift */,
				A0E181972A527D4C0012330B /* UIViewControllerExtension.swift */,
			);
			path = Extensions;
			sourceTree = "<group>";
		};
		A0E1819A2A527D5F0012330B /* Models */ = {
			isa = PBXGroup;
			children = (
				A0E1819B2A527D5F0012330B /* CategoryModel.swift */,
				A0E1819C2A527D5F0012330B /* TrackerModel.swift */,
				A0E1819D2A527D5F0012330B /* RecordModel.swift */,
			);
			name = Models;
			path = Tracker_for_tracking_habits/Models;
			sourceTree = SOURCE_ROOT;
		};
		A0E181A12A527D7C0012330B /* Utilities */ = {
			isa = PBXGroup;
			children = (
				A0E181A22A527D7C0012330B /* CollectionWidthParameters.swift */,
				A00E98142A5D1E7800883A0F /* Observable.swift */,
				A00E98162A5D1E7C00883A0F /* OnboardingPageStorage.swift */,
				A0A9E83A2A5B014900E54622 /* TestDataLoader.swift */,
				A0A9E83C2A5B015200E54622 /* UIColorSerializer.swift */,
				A0E181A32A527D7C0012330B /* WeekDay.swift */,
				A0A9E8382A5B014400E54622 /* ScheduleSerializer.swift */,
				A0E181A42A527D7C0012330B /* SwitchOptions.swift */,
				A0E181A52A527D7C0012330B /* SettingOptions.swift */,
			);
			path = Utilities;
			sourceTree = "<group>";
		};
		A0E181AA2A527D840012330B /* Views */ = {
			isa = PBXGroup;
			children = (
				A00E981E2A5D201E00883A0F /* CheckTableViewCell.swift */,
				A00E98202A5D203300883A0F /* OnboardingPageView.swift */,
				A0E181AC2A527D840012330B /* TrackerCollectionViewCell.swift */,
				A0E181AD2A527D840012330B /* CustomTextField.swift */,
				A0A9E8402A5B033D00E54622 /* PlaceholderView.swift */,
				A0557C842A87E3D100FAF1A8 /* StatisticView.swift */,
				A0A9E8442A5B034800E54622 /* ColorCollectionViewCell.swift */,
				A0A9E8462A5B034C00E54622 /* CollectionViewHeader.swift */,
				A0A9E8422A5B034100E54622 /* EmojiCollectionViewCell.swift */,
				A0E181AE2A527D840012330B /* SettingTableViewCell.swift */,
				A0E181AF2A527D840012330B /* SwitchTableViewCell.swift */,
			);
			name = Views;
			path = Tracker_for_tracking_habits/Views;
			sourceTree = SOURCE_ROOT;
		};
		A0E181B52A527D960012330B /* ViewControllers */ = {
			isa = PBXGroup;
			children = (
				A0A9E83E2A5B02D200E54622 /* AddTrackerViewController.swift */,
				A0E181B62A527D960012330B /* StatisticsViewController.swift */,
				A00E98182A5D1F3D00883A0F /* CreateCategoryViewController.swift */,
				A0E181B72A527D960012330B /* CreateTrackerViewController.swift */,
				A0E181BA2A527D960012330B /* TrackersViewController.swift */,
				A0E181BB2A527D960012330B /* MainTabBarController.swift */,
				A00E981A2A5D1F4700883A0F /* OnboardingPageViewController.swift */,
				A00E981C2A5D1F4D00883A0F /* SelectCategoryViewController.swift */,
				A0E181BC2A527D960012330B /* ConfigureScheduleViewController.swift */,
			);
			path = ViewControllers;
			sourceTree = "<group>";
		};
		BFC13E2F7BF79BD931DC4C6B /* Frameworks */ = {
			isa = PBXGroup;
			children = (
				4E74B6156F2C892033A966E3 /* Pods_Tracker_for_tracking_habits.framework */,
			);
			name = Frameworks;
			sourceTree = "<group>";
		};
/* End PBXGroup section */

/* Begin PBXNativeTarget section */
		A02FA52A2A50929B002398BE /* Tracker_for_tracking_habits */ = {
			isa = PBXNativeTarget;
			buildConfigurationList = A02FA53F2A50929C002398BE /* Build configuration list for PBXNativeTarget "Tracker_for_tracking_habits" */;
			buildPhases = (
				2A0EFE4CAA00E1995FCBBA52 /* [CP] Check Pods Manifest.lock */,
				A02FA5272A50929B002398BE /* Sources */,
				A02FA5282A50929B002398BE /* Frameworks */,
				A02FA5292A50929B002398BE /* Resources */,
				EFFABD71A031BE0D1A5B2D3B /* [CP] Embed Pods Frameworks */,
			);
			buildRules = (
			);
			dependencies = (
			);
			name = Tracker_for_tracking_habits;
			productName = Tracker_for_tracking_habits;
			productReference = A02FA52B2A50929B002398BE /* Tracker_for_tracking_habits.app */;
			productType = "com.apple.product-type.application";
		};
/* End PBXNativeTarget section */

/* Begin PBXProject section */
		A02FA5232A50929B002398BE /* Project object */ = {
			isa = PBXProject;
			attributes = {
				BuildIndependentTargetsInParallel = 1;
				LastSwiftUpdateCheck = 1430;
				LastUpgradeCheck = 1430;
				TargetAttributes = {
					A02FA52A2A50929B002398BE = {
						CreatedOnToolsVersion = 14.3.1;
					};
				};
			};
			buildConfigurationList = A02FA5262A50929B002398BE /* Build configuration list for PBXProject "Tracker_for_tracking_habits" */;
			compatibilityVersion = "Xcode 14.0";
			developmentRegion = en;
			hasScannedForEncodings = 0;
			knownRegions = (
				en,
				Base,
				ru,
			);
			mainGroup = A02FA5222A50929B002398BE;
			productRefGroup = A02FA52C2A50929B002398BE /* Products */;
			projectDirPath = "";
			projectRoot = "";
			targets = (
				A02FA52A2A50929B002398BE /* Tracker_for_tracking_habits */,
			);
		};
/* End PBXProject section */

/* Begin PBXResourcesBuildPhase section */
		A02FA5292A50929B002398BE /* Resources */ = {
			isa = PBXResourcesBuildPhase;
			buildActionMask = 2147483647;
			files = (
				A0557C8A2A87EBA800FAF1A8 /* Podfile in Resources */,
				A0557D072A87F17800FAF1A8 /* Podfile.lock in Resources */,
				A0A9E8542A5B065700E54622 /* Main.storyboard in Resources */,
				A0557C822A87E2B200FAF1A8 /* Localizable.strings in Resources */,
				A02FA53B2A50929C002398BE /* LaunchScreen.storyboard in Resources */,
				A0557C832A87E2B200FAF1A8 /* Localizable.stringsdict in Resources */,
				A0557D092A87F17E00FAF1A8 /* Tracker_for_tracking_habits.xcworkspace in Resources */,
				A02FA5382A50929C002398BE /* Assets.xcassets in Resources */,
			);
			runOnlyForDeploymentPostprocessing = 0;
		};
/* End PBXResourcesBuildPhase section */

/* Begin PBXShellScriptBuildPhase section */
		2A0EFE4CAA00E1995FCBBA52 /* [CP] Check Pods Manifest.lock */ = {
			isa = PBXShellScriptBuildPhase;
			buildActionMask = 2147483647;
			files = (
			);
			inputFileListPaths = (
			);
			inputPaths = (
				"${PODS_PODFILE_DIR_PATH}/Podfile.lock",
				"${PODS_ROOT}/Manifest.lock",
			);
			name = "[CP] Check Pods Manifest.lock";
			outputFileListPaths = (
			);
			outputPaths = (
				"$(DERIVED_FILE_DIR)/Pods-Tracker_for_tracking_habits-checkManifestLockResult.txt",
			);
			runOnlyForDeploymentPostprocessing = 0;
			shellPath = /bin/sh;
			shellScript = "diff \"${PODS_PODFILE_DIR_PATH}/Podfile.lock\" \"${PODS_ROOT}/Manifest.lock\" > /dev/null\nif [ $? != 0 ] ; then\n    # print error to STDERR\n    echo \"error: The sandbox is not in sync with the Podfile.lock. Run 'pod install' or update your CocoaPods installation.\" >&2\n    exit 1\nfi\n# This output is used by Xcode 'outputs' to avoid re-running this script phase.\necho \"SUCCESS\" > \"${SCRIPT_OUTPUT_FILE_0}\"\n";
			showEnvVarsInLog = 0;
		};
		EFFABD71A031BE0D1A5B2D3B /* [CP] Embed Pods Frameworks */ = {
			isa = PBXShellScriptBuildPhase;
			buildActionMask = 2147483647;
			files = (
			);
			inputFileListPaths = (
				"${PODS_ROOT}/Target Support Files/Pods-Tracker_for_tracking_habits/Pods-Tracker_for_tracking_habits-frameworks-${CONFIGURATION}-input-files.xcfilelist",
			);
			name = "[CP] Embed Pods Frameworks";
			outputFileListPaths = (
				"${PODS_ROOT}/Target Support Files/Pods-Tracker_for_tracking_habits/Pods-Tracker_for_tracking_habits-frameworks-${CONFIGURATION}-output-files.xcfilelist",
			);
			runOnlyForDeploymentPostprocessing = 0;
			shellPath = /bin/sh;
			shellScript = "\"${PODS_ROOT}/Target Support Files/Pods-Tracker_for_tracking_habits/Pods-Tracker_for_tracking_habits-frameworks.sh\"\n";
			showEnvVarsInLog = 0;
		};
/* End PBXShellScriptBuildPhase section */

/* Begin PBXSourcesBuildPhase section */
		A02FA5272A50929B002398BE /* Sources */ = {
			isa = PBXSourcesBuildPhase;
			buildActionMask = 2147483647;
			files = (
				A0E181B22A527D840012330B /* CustomTextField.swift in Sources */,
				A0A9E8472A5B034C00E54622 /* CollectionViewHeader.swift in Sources */,
				A0E181A72A527D7C0012330B /* WeekDay.swift in Sources */,
				A0E181C22A527D960012330B /* MainTabBarController.swift in Sources */,
				A00E98252A5D209700883A0F /* CategoryListViewModel.swift in Sources */,
				A00E981F2A5D201E00883A0F /* CheckTableViewCell.swift in Sources */,
				A0A9E83F2A5B02D200E54622 /* AddTrackerViewController.swift in Sources */,
				A0E181C12A527D960012330B /* TrackersViewController.swift in Sources */,
				A0E181992A527D4C0012330B /* UIViewControllerExtension.swift in Sources */,
				A0E1819E2A527D5F0012330B /* CategoryModel.swift in Sources */,
				A00E98212A5D203300883A0F /* OnboardingPageView.swift in Sources */,
				A0E181A62A527D7C0012330B /* CollectionWidthParameters.swift in Sources */,
				A097021E2A610241002789C3 /* DataModel.xcdatamodeld in Sources */,
				A0E181982A527D4C0012330B /* UIColorExtension.swift in Sources */,
				A00E981D2A5D1F4D00883A0F /* SelectCategoryViewController.swift in Sources */,
				A0E181B32A527D840012330B /* SettingTableViewCell.swift in Sources */,
				A01443D42A61AB5400EA1190 /* CategoryListModel.swift in Sources */,
				A0A9E8392A5B014400E54622 /* ScheduleSerializer.swift in Sources */,
				A00E98192A5D1F3D00883A0F /* CreateCategoryViewController.swift in Sources */,
				A0E181BD2A527D960012330B /* StatisticsViewController.swift in Sources */,
				A0A9E84C2A5B036100E54622 /* RecordStore.swift in Sources */,
				A02FA52F2A50929B002398BE /* AppDelegate.swift in Sources */,
				A00E981B2A5D1F4700883A0F /* OnboardingPageViewController.swift in Sources */,
				A0A9E8432A5B034100E54622 /* EmojiCollectionViewCell.swift in Sources */,
				A0E181BE2A527D960012330B /* CreateTrackerViewController.swift in Sources */,
				A0A9E8452A5B034800E54622 /* ColorCollectionViewCell.swift in Sources */,
				A0E1819F2A527D5F0012330B /* TrackerModel.swift in Sources */,
				A0A9E84D2A5B036100E54622 /* CategoryStore.swift in Sources */,
				A0E181B42A527D840012330B /* SwitchTableViewCell.swift in Sources */,
				A0E181C32A527D960012330B /* ConfigureScheduleViewController.swift in Sources */,
				A00E98152A5D1E7800883A0F /* Observable.swift in Sources */,
				A0557C852A87E3D100FAF1A8 /* StatisticView.swift in Sources */,
				A00E98172A5D1E7C00883A0F /* OnboardingPageStorage.swift in Sources */,
				A0E181A92A527D7C0012330B /* SettingOptions.swift in Sources */,
				A0A9E8412A5B033D00E54622 /* PlaceholderView.swift in Sources */,
				A0E181A02A527D5F0012330B /* RecordModel.swift in Sources */,
				A0E181A82A527D7C0012330B /* SwitchOptions.swift in Sources */,
				A0A9E83B2A5B014900E54622 /* TestDataLoader.swift in Sources */,
				A0A9E83D2A5B015200E54622 /* UIColorSerializer.swift in Sources */,
				A0E181B12A527D840012330B /* TrackerCollectionViewCell.swift in Sources */,
				A0557C882A87E7CE00FAF1A8 /* AnalyticService.swift in Sources */,
				A0A9E84E2A5B036100E54622 /* TrackerStore.swift in Sources */,
			);
			runOnlyForDeploymentPostprocessing = 0;
		};
/* End PBXSourcesBuildPhase section */

/* Begin PBXVariantGroup section */
		A02FA5392A50929C002398BE /* LaunchScreen.storyboard */ = {
			isa = PBXVariantGroup;
			children = (
				A02FA53A2A50929C002398BE /* Base */,
			);
			name = LaunchScreen.storyboard;
			sourceTree = "<group>";
		};
		A0557C7C2A87E2B200FAF1A8 /* Localizable.strings */ = {
			isa = PBXVariantGroup;
			children = (
				A0557C7D2A87E2B200FAF1A8 /* en */,
				A0557C802A87E2B200FAF1A8 /* ru */,
			);
			name = Localizable.strings;
			sourceTree = "<group>";
		};
		A0557C7E2A87E2B200FAF1A8 /* Localizable.stringsdict */ = {
			isa = PBXVariantGroup;
			children = (
				A0557C7F2A87E2B200FAF1A8 /* en */,
				A0557C812A87E2B200FAF1A8 /* ru */,
			);
			name = Localizable.stringsdict;
			sourceTree = "<group>";
		};
		A0A9E8522A5B065700E54622 /* Main.storyboard */ = {
			isa = PBXVariantGroup;
			children = (
				A0A9E8532A5B065700E54622 /* Base */,
			);
			name = Main.storyboard;
			sourceTree = "<group>";
		};
/* End PBXVariantGroup section */

/* Begin XCBuildConfiguration section */
		A02FA53D2A50929C002398BE /* Debug */ = {
			isa = XCBuildConfiguration;
			buildSettings = {
				ALWAYS_SEARCH_USER_PATHS = NO;
				CLANG_ANALYZER_NONNULL = YES;
				CLANG_ANALYZER_NUMBER_OBJECT_CONVERSION = YES_AGGRESSIVE;
				CLANG_CXX_LANGUAGE_STANDARD = "gnu++20";
				CLANG_ENABLE_MODULES = YES;
				CLANG_ENABLE_OBJC_ARC = YES;
				CLANG_ENABLE_OBJC_WEAK = YES;
				CLANG_WARN_BLOCK_CAPTURE_AUTORELEASING = YES;
				CLANG_WARN_BOOL_CONVERSION = YES;
				CLANG_WARN_COMMA = YES;
				CLANG_WARN_CONSTANT_CONVERSION = YES;
				CLANG_WARN_DEPRECATED_OBJC_IMPLEMENTATIONS = YES;
				CLANG_WARN_DIRECT_OBJC_ISA_USAGE = YES_ERROR;
				CLANG_WARN_DOCUMENTATION_COMMENTS = YES;
				CLANG_WARN_EMPTY_BODY = YES;
				CLANG_WARN_ENUM_CONVERSION = YES;
				CLANG_WARN_INFINITE_RECURSION = YES;
				CLANG_WARN_INT_CONVERSION = YES;
				CLANG_WARN_NON_LITERAL_NULL_CONVERSION = YES;
				CLANG_WARN_OBJC_IMPLICIT_RETAIN_SELF = YES;
				CLANG_WARN_OBJC_LITERAL_CONVERSION = YES;
				CLANG_WARN_OBJC_ROOT_CLASS = YES_ERROR;
				CLANG_WARN_QUOTED_INCLUDE_IN_FRAMEWORK_HEADER = YES;
				CLANG_WARN_RANGE_LOOP_ANALYSIS = YES;
				CLANG_WARN_STRICT_PROTOTYPES = YES;
				CLANG_WARN_SUSPICIOUS_MOVE = YES;
				CLANG_WARN_UNGUARDED_AVAILABILITY = YES_AGGRESSIVE;
				CLANG_WARN_UNREACHABLE_CODE = YES;
				CLANG_WARN__DUPLICATE_METHOD_MATCH = YES;
				COPY_PHASE_STRIP = NO;
				DEBUG_INFORMATION_FORMAT = dwarf;
				ENABLE_STRICT_OBJC_MSGSEND = YES;
				ENABLE_TESTABILITY = YES;
				GCC_C_LANGUAGE_STANDARD = gnu11;
				GCC_DYNAMIC_NO_PIC = NO;
				GCC_NO_COMMON_BLOCKS = YES;
				GCC_OPTIMIZATION_LEVEL = 0;
				GCC_PREPROCESSOR_DEFINITIONS = (
					"DEBUG=1",
					"$(inherited)",
				);
				GCC_WARN_64_TO_32_BIT_CONVERSION = YES;
				GCC_WARN_ABOUT_RETURN_TYPE = YES_ERROR;
				GCC_WARN_UNDECLARED_SELECTOR = YES;
				GCC_WARN_UNINITIALIZED_AUTOS = YES_AGGRESSIVE;
				GCC_WARN_UNUSED_FUNCTION = YES;
				GCC_WARN_UNUSED_VARIABLE = YES;
				IPHONEOS_DEPLOYMENT_TARGET = 16.4;
				MTL_ENABLE_DEBUG_INFO = INCLUDE_SOURCE;
				MTL_FAST_MATH = YES;
				ONLY_ACTIVE_ARCH = YES;
				SDKROOT = iphoneos;
				SWIFT_ACTIVE_COMPILATION_CONDITIONS = DEBUG;
				SWIFT_OPTIMIZATION_LEVEL = "-Onone";
			};
			name = Debug;
		};
		A02FA53E2A50929C002398BE /* Release */ = {
			isa = XCBuildConfiguration;
			buildSettings = {
				ALWAYS_SEARCH_USER_PATHS = NO;
				CLANG_ANALYZER_NONNULL = YES;
				CLANG_ANALYZER_NUMBER_OBJECT_CONVERSION = YES_AGGRESSIVE;
				CLANG_CXX_LANGUAGE_STANDARD = "gnu++20";
				CLANG_ENABLE_MODULES = YES;
				CLANG_ENABLE_OBJC_ARC = YES;
				CLANG_ENABLE_OBJC_WEAK = YES;
				CLANG_WARN_BLOCK_CAPTURE_AUTORELEASING = YES;
				CLANG_WARN_BOOL_CONVERSION = YES;
				CLANG_WARN_COMMA = YES;
				CLANG_WARN_CONSTANT_CONVERSION = YES;
				CLANG_WARN_DEPRECATED_OBJC_IMPLEMENTATIONS = YES;
				CLANG_WARN_DIRECT_OBJC_ISA_USAGE = YES_ERROR;
				CLANG_WARN_DOCUMENTATION_COMMENTS = YES;
				CLANG_WARN_EMPTY_BODY = YES;
				CLANG_WARN_ENUM_CONVERSION = YES;
				CLANG_WARN_INFINITE_RECURSION = YES;
				CLANG_WARN_INT_CONVERSION = YES;
				CLANG_WARN_NON_LITERAL_NULL_CONVERSION = YES;
				CLANG_WARN_OBJC_IMPLICIT_RETAIN_SELF = YES;
				CLANG_WARN_OBJC_LITERAL_CONVERSION = YES;
				CLANG_WARN_OBJC_ROOT_CLASS = YES_ERROR;
				CLANG_WARN_QUOTED_INCLUDE_IN_FRAMEWORK_HEADER = YES;
				CLANG_WARN_RANGE_LOOP_ANALYSIS = YES;
				CLANG_WARN_STRICT_PROTOTYPES = YES;
				CLANG_WARN_SUSPICIOUS_MOVE = YES;
				CLANG_WARN_UNGUARDED_AVAILABILITY = YES_AGGRESSIVE;
				CLANG_WARN_UNREACHABLE_CODE = YES;
				CLANG_WARN__DUPLICATE_METHOD_MATCH = YES;
				COPY_PHASE_STRIP = NO;
				DEBUG_INFORMATION_FORMAT = "dwarf-with-dsym";
				ENABLE_NS_ASSERTIONS = NO;
				ENABLE_STRICT_OBJC_MSGSEND = YES;
				GCC_C_LANGUAGE_STANDARD = gnu11;
				GCC_NO_COMMON_BLOCKS = YES;
				GCC_WARN_64_TO_32_BIT_CONVERSION = YES;
				GCC_WARN_ABOUT_RETURN_TYPE = YES_ERROR;
				GCC_WARN_UNDECLARED_SELECTOR = YES;
				GCC_WARN_UNINITIALIZED_AUTOS = YES_AGGRESSIVE;
				GCC_WARN_UNUSED_FUNCTION = YES;
				GCC_WARN_UNUSED_VARIABLE = YES;
				IPHONEOS_DEPLOYMENT_TARGET = 16.4;
				MTL_ENABLE_DEBUG_INFO = NO;
				MTL_FAST_MATH = YES;
				SDKROOT = iphoneos;
				SWIFT_COMPILATION_MODE = wholemodule;
				SWIFT_OPTIMIZATION_LEVEL = "-O";
				VALIDATE_PRODUCT = YES;
			};
			name = Release;
		};
		A02FA5402A50929C002398BE /* Debug */ = {
			isa = XCBuildConfiguration;
			baseConfigurationReference = EDEDB1FECC1DBC4C19B8CF98 /* Pods-Tracker_for_tracking_habits.debug.xcconfig */;
			buildSettings = {
				ASSETCATALOG_COMPILER_APPICON_NAME = AppIcon;
				ASSETCATALOG_COMPILER_GLOBAL_ACCENT_COLOR_NAME = AccentColor;
				CODE_SIGN_STYLE = Automatic;
				CURRENT_PROJECT_VERSION = 1;
				DEVELOPMENT_TEAM = ZUWV6H3CB2;
				GENERATE_INFOPLIST_FILE = YES;
				INFOPLIST_FILE = Tracker_for_tracking_habits/Info.plist;
				INFOPLIST_KEY_UIApplicationSupportsIndirectInputEvents = YES;
				INFOPLIST_KEY_UILaunchStoryboardName = LaunchScreen;
				INFOPLIST_KEY_UIMainStoryboardFile = Main;
				INFOPLIST_KEY_UISupportedInterfaceOrientations_iPad = "UIInterfaceOrientationPortrait UIInterfaceOrientationPortraitUpsideDown UIInterfaceOrientationLandscapeLeft UIInterfaceOrientationLandscapeRight";
				INFOPLIST_KEY_UISupportedInterfaceOrientations_iPhone = "UIInterfaceOrientationPortrait UIInterfaceOrientationLandscapeLeft UIInterfaceOrientationLandscapeRight";
				IPHONEOS_DEPLOYMENT_TARGET = 13.4;
				LD_RUNPATH_SEARCH_PATHS = (
					"$(inherited)",
					"@executable_path/Frameworks",
				);
				MARKETING_VERSION = 1.0;
				PRODUCT_BUNDLE_IDENTIFIER = "ru.grand-roman.Tracker-for-tracking-habits";
				PRODUCT_NAME = "$(TARGET_NAME)";
				SWIFT_EMIT_LOC_STRINGS = YES;
				SWIFT_VERSION = 5.0;
				TARGETED_DEVICE_FAMILY = "1,2";
			};
			name = Debug;
		};
		A02FA5412A50929C002398BE /* Release */ = {
			isa = XCBuildConfiguration;
			baseConfigurationReference = D69E469542AC974F9E18B167 /* Pods-Tracker_for_tracking_habits.release.xcconfig */;
			buildSettings = {
				ASSETCATALOG_COMPILER_APPICON_NAME = AppIcon;
				ASSETCATALOG_COMPILER_GLOBAL_ACCENT_COLOR_NAME = AccentColor;
				CODE_SIGN_STYLE = Automatic;
				CURRENT_PROJECT_VERSION = 1;
				DEVELOPMENT_TEAM = ZUWV6H3CB2;
				GENERATE_INFOPLIST_FILE = YES;
				INFOPLIST_FILE = Tracker_for_tracking_habits/Info.plist;
				INFOPLIST_KEY_UIApplicationSupportsIndirectInputEvents = YES;
				INFOPLIST_KEY_UILaunchStoryboardName = LaunchScreen;
				INFOPLIST_KEY_UIMainStoryboardFile = Main;
				INFOPLIST_KEY_UISupportedInterfaceOrientations_iPad = "UIInterfaceOrientationPortrait UIInterfaceOrientationPortraitUpsideDown UIInterfaceOrientationLandscapeLeft UIInterfaceOrientationLandscapeRight";
				INFOPLIST_KEY_UISupportedInterfaceOrientations_iPhone = "UIInterfaceOrientationPortrait UIInterfaceOrientationLandscapeLeft UIInterfaceOrientationLandscapeRight";
				IPHONEOS_DEPLOYMENT_TARGET = 13.4;
				LD_RUNPATH_SEARCH_PATHS = (
					"$(inherited)",
					"@executable_path/Frameworks",
				);
				MARKETING_VERSION = 1.0;
				PRODUCT_BUNDLE_IDENTIFIER = "ru.grand-roman.Tracker-for-tracking-habits";
				PRODUCT_NAME = "$(TARGET_NAME)";
				SWIFT_EMIT_LOC_STRINGS = YES;
				SWIFT_VERSION = 5.0;
				TARGETED_DEVICE_FAMILY = "1,2";
			};
			name = Release;
		};
/* End XCBuildConfiguration section */

/* Begin XCConfigurationList section */
		A02FA5262A50929B002398BE /* Build configuration list for PBXProject "Tracker_for_tracking_habits" */ = {
			isa = XCConfigurationList;
			buildConfigurations = (
				A02FA53D2A50929C002398BE /* Debug */,
				A02FA53E2A50929C002398BE /* Release */,
			);
			defaultConfigurationIsVisible = 0;
			defaultConfigurationName = Release;
		};
		A02FA53F2A50929C002398BE /* Build configuration list for PBXNativeTarget "Tracker_for_tracking_habits" */ = {
			isa = XCConfigurationList;
			buildConfigurations = (
				A02FA5402A50929C002398BE /* Debug */,
				A02FA5412A50929C002398BE /* Release */,
			);
			defaultConfigurationIsVisible = 0;
			defaultConfigurationName = Release;
		};
/* End XCConfigurationList section */

/* Begin XCVersionGroup section */
		A097021C2A610241002789C3 /* DataModel.xcdatamodeld */ = {
			isa = XCVersionGroup;
			children = (
				A097021D2A610241002789C3 /* DataModel.xcdatamodel */,
			);
			currentVersion = A097021D2A610241002789C3 /* DataModel.xcdatamodel */;
			path = DataModel.xcdatamodeld;
			sourceTree = "<group>";
			versionGroupType = wrapper.xcdatamodel;
		};
/* End XCVersionGroup section */
	};
	rootObject = A02FA5232A50929B002398BE /* Project object */;
}
